
Microsoft Visual Studio Solution File, Format Version 12.00
# Visual Studio Version 17
VisualStudioVersion = 17.14.36603.0 d17.14
MinimumVisualStudioVersion = 10.0.40219.1
Project("{FAE04EC0-301F-11D3-BF4B-00C04F79EFBC}") = "ProyectoGAV", "ProyectoGAV\ProyectoGAV.csproj", "{B081AEF9-A1E0-4170-95F9-16F69641E87F}"
EndProject
Global
	GlobalSection(SolutionConfigurationPlatforms) = preSolution
		Debug|Any CPU = Debug|Any CPU
		Release|Any CPU = Release|Any CPU
	EndGlobalSection
	GlobalSection(ProjectConfigurationPlatforms) = postSolution
		{B081AEF9-A1E0-4170-95F9-16F69641E87F}.Debug|Any CPU.ActiveCfg = Debug|Any CPU
		{B081AEF9-A1E0-4170-95F9-16F69641E87F}.Debug|Any CPU.Build.0 = Debug|Any CPU
		{B081AEF9-A1E0-4170-95F9-16F69641E87F}.Release|Any CPU.ActiveCfg = Release|Any CPU
		{B081AEF9-A1E0-4170-95F9-16F69641E87F}.Release|Any CPU.Build.0 = Release|Any CPU
	EndGlobalSection
	GlobalSection(SolutionProperties) = preSolution
		HideSolutionNode = FALSE
	EndGlobalSection
	GlobalSection(ExtensibilityGlobals) = postSolution
		SolutionGuid = {32D23DA9-1BF6-4E30-8B1E-54ED8CB6AEFF}
	EndGlobalSection
EndGlobal
